
Microsoft Visual Studio Solution File, Format Version 12.00
# Visual Studio Version 17
VisualStudioVersion = 17.9.34902.65
MinimumVisualStudioVersion = 10.0.40219.1
Project("{9A19103F-16F7-4668-BE54-9A1E7A4F7556}") = "Encapsulation", "Encapsulation\Encapsulation.csproj", "{F38F08B1-88D3-41C4-9EE4-C3647B1E4D8C}"
EndProject
Project("{9A19103F-16F7-4668-BE54-9A1E7A4F7556}") = "Tests", "Tests\Tests.csproj", "{40276884-A56E-4E83-B20F-3471D2569D53}"
EndProject
Project("{9A19103F-16F7-4668-BE54-9A1E7A4F7556}") = "Polymorphism", "Polymorphism\Polymorphism.csproj", "{F067C5E1-E97E-41BF-BFA7-30E2576BE571}"
EndProject
Project("{FAE04EC0-301F-11D3-BF4B-00C04F79EFBC}") = "Inheritance", "Inheritance\Inheritance.csproj", "{23CE7A4A-F77B-4BFE-BAC7-F0892A61C5BD}"
EndProject
Global
	GlobalSection(SolutionConfigurationPlatforms) = preSolution
		Debug|Any CPU = Debug|Any CPU
		Release|Any CPU = Release|Any CPU
	EndGlobalSection
	GlobalSection(ProjectConfigurationPlatforms) = postSolution
		{F38F08B1-88D3-41C4-9EE4-C3647B1E4D8C}.Debug|Any CPU.ActiveCfg = Debug|Any CPU
		{F38F08B1-88D3-41C4-9EE4-C3647B1E4D8C}.Debug|Any CPU.Build.0 = Debug|Any CPU
		{F38F08B1-88D3-41C4-9EE4-C3647B1E4D8C}.Release|Any CPU.ActiveCfg = Release|Any CPU
		{F38F08B1-88D3-41C4-9EE4-C3647B1E4D8C}.Release|Any CPU.Build.0 = Release|Any CPU
		{40276884-A56E-4E83-B20F-3471D2569D53}.Debug|Any CPU.ActiveCfg = Debug|Any CPU
		{40276884-A56E-4E83-B20F-3471D2569D53}.Debug|Any CPU.Build.0 = Debug|Any CPU
		{40276884-A56E-4E83-B20F-3471D2569D53}.Release|Any CPU.ActiveCfg = Release|Any CPU
		{40276884-A56E-4E83-B20F-3471D2569D53}.Release|Any CPU.Build.0 = Release|Any CPU
		{F067C5E1-E97E-41BF-BFA7-30E2576BE571}.Debug|Any CPU.ActiveCfg = Debug|Any CPU
		{F067C5E1-E97E-41BF-BFA7-30E2576BE571}.Debug|Any CPU.Build.0 = Debug|Any CPU
		{F067C5E1-E97E-41BF-BFA7-30E2576BE571}.Release|Any CPU.ActiveCfg = Release|Any CPU
		{F067C5E1-E97E-41BF-BFA7-30E2576BE571}.Release|Any CPU.Build.0 = Release|Any CPU
		{23CE7A4A-F77B-4BFE-BAC7-F0892A61C5BD}.Debug|Any CPU.ActiveCfg = Debug|Any CPU
		{23CE7A4A-F77B-4BFE-BAC7-F0892A61C5BD}.Debug|Any CPU.Build.0 = Debug|Any CPU
		{23CE7A4A-F77B-4BFE-BAC7-F0892A61C5BD}.Release|Any CPU.ActiveCfg = Release|Any CPU
		{23CE7A4A-F77B-4BFE-BAC7-F0892A61C5BD}.Release|Any CPU.Build.0 = Release|Any CPU
	EndGlobalSection
	GlobalSection(SolutionProperties) = preSolution
		HideSolutionNode = FALSE
	EndGlobalSection
	GlobalSection(ExtensibilityGlobals) = postSolution
		SolutionGuid = {3FFEEEB0-13F7-4068-921C-AADF0617AA81}
	EndGlobalSection
EndGlobal
